
Microsoft Visual Studio Solution File, Format Version 12.00
# Visual Studio Version 17
VisualStudioVersion = 17.8.34525.116
MinimumVisualStudioVersion = 10.0.40219.1
Project("{FAE04EC0-301F-11D3-BF4B-00C04F79EFBC}") = "DataAccessConsoleUI", "DataAccessConsoleUI\DataAccessConsoleUI.csproj", "{96BCA064-82E3-45FD-A1D0-182025E93C80}"
EndProject
Project("{00D1A9C2-B5F0-4AF3-8072-F6C62B433612}") = "SQLPeopleDB", "SQLPeopleDB\SQLPeopleDB.sqlproj", "{B0591DBF-98E3-4ED6-8272-11E437AACED3}"
EndProject
Project("{FAE04EC0-301F-11D3-BF4B-00C04F79EFBC}") = "DataAccessLibrary", "DataAccessLibrary\DataAccessLibrary.csproj", "{66DF426E-2682-4165-A7E4-D3EA39B2B043}"
EndProject
Global
	GlobalSection(SolutionConfigurationPlatforms) = preSolution
		Debug|Any CPU = Debug|Any CPU
		Release|Any CPU = Release|Any CPU
	EndGlobalSection
	GlobalSection(ProjectConfigurationPlatforms) = postSolution
		{96BCA064-82E3-45FD-A1D0-182025E93C80}.Debug|Any CPU.ActiveCfg = Debug|Any CPU
		{96BCA064-82E3-45FD-A1D0-182025E93C80}.Debug|Any CPU.Build.0 = Debug|Any CPU
		{96BCA064-82E3-45FD-A1D0-182025E93C80}.Release|Any CPU.ActiveCfg = Release|Any CPU
		{96BCA064-82E3-45FD-A1D0-182025E93C80}.Release|Any CPU.Build.0 = Release|Any CPU
		{B0591DBF-98E3-4ED6-8272-11E437AACED3}.Debug|Any CPU.ActiveCfg = Debug|Any CPU
		{B0591DBF-98E3-4ED6-8272-11E437AACED3}.Debug|Any CPU.Build.0 = Debug|Any CPU
		{B0591DBF-98E3-4ED6-8272-11E437AACED3}.Debug|Any CPU.Deploy.0 = Debug|Any CPU
		{B0591DBF-98E3-4ED6-8272-11E437AACED3}.Release|Any CPU.ActiveCfg = Release|Any CPU
		{B0591DBF-98E3-4ED6-8272-11E437AACED3}.Release|Any CPU.Build.0 = Release|Any CPU
		{B0591DBF-98E3-4ED6-8272-11E437AACED3}.Release|Any CPU.Deploy.0 = Release|Any CPU
		{66DF426E-2682-4165-A7E4-D3EA39B2B043}.Debug|Any CPU.ActiveCfg = Debug|Any CPU
		{66DF426E-2682-4165-A7E4-D3EA39B2B043}.Debug|Any CPU.Build.0 = Debug|Any CPU
		{66DF426E-2682-4165-A7E4-D3EA39B2B043}.Release|Any CPU.ActiveCfg = Release|Any CPU
		{66DF426E-2682-4165-A7E4-D3EA39B2B043}.Release|Any CPU.Build.0 = Release|Any CPU
	EndGlobalSection
	GlobalSection(SolutionProperties) = preSolution
		HideSolutionNode = FALSE
	EndGlobalSection
	GlobalSection(ExtensibilityGlobals) = postSolution
		SolutionGuid = {642BE537-E022-4522-8FF8-0017AAC32384}
	EndGlobalSection
EndGlobal
